
Microsoft Visual Studio Solution File, Format Version 12.00
# Visual Studio Version 16
VisualStudioVersion = 16.0.34729.46
MinimumVisualStudioVersion = 10.0.40219.1
Project("{FAE04EC0-301F-11D3-BF4B-00C04F79EFBC}") = "Task1", "Lab7\Task1.csproj", "{C2BD4506-A264-401F-9504-6A43823AF448}"
EndProject
Project("{FAE04EC0-301F-11D3-BF4B-00C04F79EFBC}") = "Task2", "Task2\Task2.csproj", "{FD6D9CC1-BE53-4C44-B929-DC52C420564A}"
EndProject
Global
	GlobalSection(SolutionConfigurationPlatforms) = preSolution
		Debug|Any CPU = Debug|Any CPU
		Release|Any CPU = Release|Any CPU
	EndGlobalSection
	GlobalSection(ProjectConfigurationPlatforms) = postSolution
		{C2BD4506-A264-401F-9504-6A43823AF448}.Debug|Any CPU.ActiveCfg = Debug|Any CPU
		{C2BD4506-A264-401F-9504-6A43823AF448}.Debug|Any CPU.Build.0 = Debug|Any CPU
		{C2BD4506-A264-401F-9504-6A43823AF448}.Release|Any CPU.ActiveCfg = Release|Any CPU
		{C2BD4506-A264-401F-9504-6A43823AF448}.Release|Any CPU.Build.0 = Release|Any CPU
		{FD6D9CC1-BE53-4C44-B929-DC52C420564A}.Debug|Any CPU.ActiveCfg = Debug|Any CPU
		{FD6D9CC1-BE53-4C44-B929-DC52C420564A}.Debug|Any CPU.Build.0 = Debug|Any CPU
		{FD6D9CC1-BE53-4C44-B929-DC52C420564A}.Release|Any CPU.ActiveCfg = Release|Any CPU
		{FD6D9CC1-BE53-4C44-B929-DC52C420564A}.Release|Any CPU.Build.0 = Release|Any CPU
	EndGlobalSection
	GlobalSection(SolutionProperties) = preSolution
		HideSolutionNode = FALSE
	EndGlobalSection
	GlobalSection(ExtensibilityGlobals) = postSolution
		SolutionGuid = {BBE46A68-63F8-4B9F-BFF3-738F5703474B}
	EndGlobalSection
EndGlobal
